
Microsoft Visual Studio Solution File, Format Version 12.00
# Visual Studio Version 17
VisualStudioVersion = 17.13.35919.96 d17.13
MinimumVisualStudioVersion = 10.0.40219.1
Project("{FAE04EC0-301F-11D3-BF4B-00C04F79EFBC}") = "TextRPG_최다혜", "TextRPG_최다혜\TextRPG_최다혜.csproj", "{6BEDEFCD-4430-4CD1-BB8E-097EC2927717}"
EndProject
Global
	GlobalSection(SolutionConfigurationPlatforms) = preSolution
		Debug|Any CPU = Debug|Any CPU
		Release|Any CPU = Release|Any CPU
	EndGlobalSection
	GlobalSection(ProjectConfigurationPlatforms) = postSolution
		{6BEDEFCD-4430-4CD1-BB8E-097EC2927717}.Debug|Any CPU.ActiveCfg = Debug|Any CPU
		{6BEDEFCD-4430-4CD1-BB8E-097EC2927717}.Debug|Any CPU.Build.0 = Debug|Any CPU
		{6BEDEFCD-4430-4CD1-BB8E-097EC2927717}.Release|Any CPU.ActiveCfg = Release|Any CPU
		{6BEDEFCD-4430-4CD1-BB8E-097EC2927717}.Release|Any CPU.Build.0 = Release|Any CPU
	EndGlobalSection
	GlobalSection(SolutionProperties) = preSolution
		HideSolutionNode = FALSE
	EndGlobalSection
	GlobalSection(ExtensibilityGlobals) = postSolution
		SolutionGuid = {E8D3946F-ABA2-496B-BF38-E571B707B0F7}
	EndGlobalSection
EndGlobal
